
Microsoft Visual Studio Solution File, Format Version 12.00
# Visual Studio Version 16
VisualStudioVersion = 16.0.31129.286
MinimumVisualStudioVersion = 15.0.26124.0
Project("{9A19103F-16F7-4668-BE54-9A1E7A4F7556}") = "Assignment6", "Assignment6\Assignment6.csproj", "{DC43F91C-7A73-412A-8621-08669A6538F8}"
EndProject
Project("{FAE04EC0-301F-11D3-BF4B-00C04F79EFBC}") = "Api", "Api\Api.csproj", "{30DA9DB8-4A10-497E-B3A7-43D0A5E509F3}"
EndProject
Global
	GlobalSection(SolutionConfigurationPlatforms) = preSolution
		Debug|Any CPU = Debug|Any CPU
		Debug|x64 = Debug|x64
		Debug|x86 = Debug|x86
		Release|Any CPU = Release|Any CPU
		Release|x64 = Release|x64
		Release|x86 = Release|x86
	EndGlobalSection
	GlobalSection(ProjectConfigurationPlatforms) = postSolution
		{DC43F91C-7A73-412A-8621-08669A6538F8}.Debug|Any CPU.ActiveCfg = Debug|Any CPU
		{DC43F91C-7A73-412A-8621-08669A6538F8}.Debug|Any CPU.Build.0 = Debug|Any CPU
		{DC43F91C-7A73-412A-8621-08669A6538F8}.Debug|x64.ActiveCfg = Debug|Any CPU
		{DC43F91C-7A73-412A-8621-08669A6538F8}.Debug|x64.Build.0 = Debug|Any CPU
		{DC43F91C-7A73-412A-8621-08669A6538F8}.Debug|x86.ActiveCfg = Debug|Any CPU
		{DC43F91C-7A73-412A-8621-08669A6538F8}.Debug|x86.Build.0 = Debug|Any CPU
		{DC43F91C-7A73-412A-8621-08669A6538F8}.Release|Any CPU.ActiveCfg = Release|Any CPU
		{DC43F91C-7A73-412A-8621-08669A6538F8}.Release|Any CPU.Build.0 = Release|Any CPU
		{DC43F91C-7A73-412A-8621-08669A6538F8}.Release|x64.ActiveCfg = Release|Any CPU
		{DC43F91C-7A73-412A-8621-08669A6538F8}.Release|x64.Build.0 = Release|Any CPU
		{DC43F91C-7A73-412A-8621-08669A6538F8}.Release|x86.ActiveCfg = Release|Any CPU
		{DC43F91C-7A73-412A-8621-08669A6538F8}.Release|x86.Build.0 = Release|Any CPU
		{30DA9DB8-4A10-497E-B3A7-43D0A5E509F3}.Debug|Any CPU.ActiveCfg = Debug|Any CPU
		{30DA9DB8-4A10-497E-B3A7-43D0A5E509F3}.Debug|Any CPU.Build.0 = Debug|Any CPU
		{30DA9DB8-4A10-497E-B3A7-43D0A5E509F3}.Debug|x64.ActiveCfg = Debug|Any CPU
		{30DA9DB8-4A10-497E-B3A7-43D0A5E509F3}.Debug|x64.Build.0 = Debug|Any CPU
		{30DA9DB8-4A10-497E-B3A7-43D0A5E509F3}.Debug|x86.ActiveCfg = Debug|Any CPU
		{30DA9DB8-4A10-497E-B3A7-43D0A5E509F3}.Debug|x86.Build.0 = Debug|Any CPU
		{30DA9DB8-4A10-497E-B3A7-43D0A5E509F3}.Release|Any CPU.ActiveCfg = Release|Any CPU
		{30DA9DB8-4A10-497E-B3A7-43D0A5E509F3}.Release|Any CPU.Build.0 = Release|Any CPU
		{30DA9DB8-4A10-497E-B3A7-43D0A5E509F3}.Release|x64.ActiveCfg = Release|Any CPU
		{30DA9DB8-4A10-497E-B3A7-43D0A5E509F3}.Release|x64.Build.0 = Release|Any CPU
		{30DA9DB8-4A10-497E-B3A7-43D0A5E509F3}.Release|x86.ActiveCfg = Release|Any CPU
		{30DA9DB8-4A10-497E-B3A7-43D0A5E509F3}.Release|x86.Build.0 = Release|Any CPU
	EndGlobalSection
	GlobalSection(SolutionProperties) = preSolution
		HideSolutionNode = FALSE
	EndGlobalSection
	GlobalSection(ExtensibilityGlobals) = postSolution
		SolutionGuid = {6AA9C912-50FD-4B16-928A-5C9166031D98}
	EndGlobalSection
EndGlobal
